
Microsoft Visual Studio Solution File, Format Version 12.00
# Visual Studio 15
VisualStudioVersion = 15.0.27703.2018
MinimumVisualStudioVersion = 10.0.40219.1
Project("{FAE04EC0-301F-11D3-BF4B-00C04F79EFBC}") = "ProjectOne", "ProjectOne\ProjectOne.csproj", "{C870B2FF-368B-475D-B7FE-79DB15336930}"
EndProject
Global
	GlobalSection(SolutionConfigurationPlatforms) = preSolution
		Debug|Any CPU = Debug|Any CPU
		Release|Any CPU = Release|Any CPU
	EndGlobalSection
	GlobalSection(ProjectConfigurationPlatforms) = postSolution
		{C870B2FF-368B-475D-B7FE-79DB15336930}.Debug|Any CPU.ActiveCfg = Debug|Any CPU
		{C870B2FF-368B-475D-B7FE-79DB15336930}.Debug|Any CPU.Build.0 = Debug|Any CPU
		{C870B2FF-368B-475D-B7FE-79DB15336930}.Release|Any CPU.ActiveCfg = Release|Any CPU
		{C870B2FF-368B-475D-B7FE-79DB15336930}.Release|Any CPU.Build.0 = Release|Any CPU
	EndGlobalSection
	GlobalSection(SolutionProperties) = preSolution
		HideSolutionNode = FALSE
	EndGlobalSection
	GlobalSection(ExtensibilityGlobals) = postSolution
		SolutionGuid = {B366A54B-BA48-40E6-8DB3-97692CA2DABD}
	EndGlobalSection
EndGlobal
